
Microsoft Visual Studio Solution File, Format Version 12.00
# Visual Studio Version 17
VisualStudioVersion = 17.12.35521.163 d17.12
MinimumVisualStudioVersion = 10.0.40219.1
Project("{FAE04EC0-301F-11D3-BF4B-00C04F79EFBC}") = "Utils", "src\Utils\Utils.csproj", "{061170AC-1AF5-437E-B978-2D0585344A78}"
EndProject
Project("{FAE04EC0-301F-11D3-BF4B-00C04F79EFBC}") = "Year2024", "src\Year2024\Year2024.csproj", "{53ABBB3F-C83E-4B57-9085-36D08E9B9C60}"
EndProject
Global
	GlobalSection(SolutionConfigurationPlatforms) = preSolution
		Debug|Any CPU = Debug|Any CPU
		Release|Any CPU = Release|Any CPU
	EndGlobalSection
	GlobalSection(ProjectConfigurationPlatforms) = postSolution
		{061170AC-1AF5-437E-B978-2D0585344A78}.Debug|Any CPU.ActiveCfg = Debug|Any CPU
		{061170AC-1AF5-437E-B978-2D0585344A78}.Debug|Any CPU.Build.0 = Debug|Any CPU
		{061170AC-1AF5-437E-B978-2D0585344A78}.Release|Any CPU.ActiveCfg = Release|Any CPU
		{061170AC-1AF5-437E-B978-2D0585344A78}.Release|Any CPU.Build.0 = Release|Any CPU
		{53ABBB3F-C83E-4B57-9085-36D08E9B9C60}.Debug|Any CPU.ActiveCfg = Debug|Any CPU
		{53ABBB3F-C83E-4B57-9085-36D08E9B9C60}.Debug|Any CPU.Build.0 = Debug|Any CPU
		{53ABBB3F-C83E-4B57-9085-36D08E9B9C60}.Release|Any CPU.ActiveCfg = Release|Any CPU
		{53ABBB3F-C83E-4B57-9085-36D08E9B9C60}.Release|Any CPU.Build.0 = Release|Any CPU
	EndGlobalSection
	GlobalSection(SolutionProperties) = preSolution
		HideSolutionNode = FALSE
	EndGlobalSection
EndGlobal
